
Microsoft Visual Studio Solution File, Format Version 12.00
# Visual Studio Version 17
VisualStudioVersion = 17.9.34902.65
MinimumVisualStudioVersion = 10.0.40219.1
Project("{FAE04EC0-301F-11D3-BF4B-00C04F79EFBC}") = "SimulationDriver", "SimulationDriver\SimulationDriver.csproj", "{EB1C335F-2FAD-4F25-9EA1-6ED000B83ED9}"
EndProject
Global
	GlobalSection(SolutionConfigurationPlatforms) = preSolution
		Debug|Any CPU = Debug|Any CPU
		Release|Any CPU = Release|Any CPU
	EndGlobalSection
	GlobalSection(ProjectConfigurationPlatforms) = postSolution
		{EB1C335F-2FAD-4F25-9EA1-6ED000B83ED9}.Debug|Any CPU.ActiveCfg = Debug|Any CPU
		{EB1C335F-2FAD-4F25-9EA1-6ED000B83ED9}.Debug|Any CPU.Build.0 = Debug|Any CPU
		{EB1C335F-2FAD-4F25-9EA1-6ED000B83ED9}.Release|Any CPU.ActiveCfg = Release|Any CPU
		{EB1C335F-2FAD-4F25-9EA1-6ED000B83ED9}.Release|Any CPU.Build.0 = Release|Any CPU
	EndGlobalSection
	GlobalSection(SolutionProperties) = preSolution
		HideSolutionNode = FALSE
	EndGlobalSection
	GlobalSection(ExtensibilityGlobals) = postSolution
		SolutionGuid = {972F8C72-BA46-4456-9A7A-C8D9FD87D01C}
	EndGlobalSection
EndGlobal
